# THIS IS AN AUTOGENERATED FILE. DO NOT EDIT THIS FILE DIRECTLY.
# yarn lockfile v1


bulma@^1.0.3:
  version "1.0.3"
  resolved "https://registry.yarnpkg.com/bulma/-/bulma-1.0.3.tgz#313c4fec8c356158a1d8f665586957a0991e2892"
  integrity sha512-9eVXBrXwlU337XUXBjIIq7i88A+tRbJYAjXQjT/21lwam+5tpvKF0R7dCesre9N+HV9c6pzCNEPKrtgvBBes2g==
